// !$*UTF8*$!
{
	archiveVersion = 1;
	classes = {
	};
	objectVersion = 46;
	objects = {

/* Begin PBXBuildFile section */
		27CB4E111D9ED10E001F7857 /* SearchItemCell.swift in Sources */ = {isa = PBXBuildFile; fileRef = 27CB4E101D9ED10E001F7857 /* SearchItemCell.swift */; };
		371068DA1D7DE0A000BDFC42 /* CameraViewController.swift in Sources */ = {isa = PBXBuildFile; fileRef = 371068D91D7DE0A000BDFC42 /* CameraViewController.swift */; };
		371068DE1D7FF26200BDFC42 /* CameraPreviewController.swift in Sources */ = {isa = PBXBuildFile; fileRef = 371068DD1D7FF26200BDFC42 /* CameraPreviewController.swift */; };
		371068E01D80453200BDFC42 /* RecordButton.swift in Sources */ = {isa = PBXBuildFile; fileRef = 371068DF1D80453200BDFC42 /* RecordButton.swift */; };
		371068E21D83003100BDFC42 /* CameraPlaybackController.swift in Sources */ = {isa = PBXBuildFile; fileRef = 371068E11D83003100BDFC42 /* CameraPlaybackController.swift */; };
		371A4C751DB52E08001D0938 /* Friend.swift in Sources */ = {isa = PBXBuildFile; fileRef = 371A4C741DB52E08001D0938 /* Friend.swift */; };
		371A4C7A1DB5E4ED001D0938 /* SyncContactController.swift in Sources */ = {isa = PBXBuildFile; fileRef = 371A4C791DB5E4ED001D0938 /* SyncContactController.swift */; };
		371A4C7C1DB6394A001D0938 /* SuggestFriendController.swift in Sources */ = {isa = PBXBuildFile; fileRef = 371A4C7B1DB6394A001D0938 /* SuggestFriendController.swift */; };
		3724B0791D9E65B300181071 /* LaunchScreen.storyboard in Resources */ = {isa = PBXBuildFile; fileRef = 3724B0781D9E65B300181071 /* LaunchScreen.storyboard */; };
		3724B07B1D9E76A200181071 /* WebViewController.swift in Sources */ = {isa = PBXBuildFile; fileRef = 3724B07A1D9E76A200181071 /* WebViewController.swift */; };
		3727ECE11DC5E4A30049A325 /* LocationInfo.swift in Sources */ = {isa = PBXBuildFile; fileRef = 3727ECE01DC5E4A30049A325 /* LocationInfo.swift */; };
		372ADA8B1DADF18300EA6584 /* UploadHelper.swift in Sources */ = {isa = PBXBuildFile; fileRef = 372ADA8A1DADF18300EA6584 /* UploadHelper.swift */; };
		372D8DB51D12BF2B008DBADA /* FriendsController.swift in Sources */ = {isa = PBXBuildFile; fileRef = 372D8DB41D12BF2B008DBADA /* FriendsController.swift */; };
		372D8DB71D12C0F8008DBADA /* UserModel.swift in Sources */ = {isa = PBXBuildFile; fileRef = 372D8DB61D12C0F8008DBADA /* UserModel.swift */; };
		372D8DB91D1304E7008DBADA /* FriendsLoader.swift in Sources */ = {isa = PBXBuildFile; fileRef = 372D8DB81D1304E7008DBADA /* FriendsLoader.swift */; };
		372D8DBD1D1310D3008DBADA /* Clip.swift in Sources */ = {isa = PBXBuildFile; fileRef = 372D8DBC1D1310D3008DBADA /* Clip.swift */; };
		3774B8EA1DC6809C00775FAC /* NotificationHelper.swift in Sources */ = {isa = PBXBuildFile; fileRef = 3774B8E91DC6809C00775FAC /* NotificationHelper.swift */; };
		3774B8EC1DC688F100775FAC /* Tritone.mp3 in Resources */ = {isa = PBXBuildFile; fileRef = 3774B8EB1DC688F100775FAC /* Tritone.mp3 */; };
		3777742E1DC10D0D00ECD8DB /* Device.swift in Sources */ = {isa = PBXBuildFile; fileRef = 3777742D1DC10D0D00ECD8DB /* Device.swift */; };
		3785F6711D85636B00F32915 /* MainController.swift in Sources */ = {isa = PBXBuildFile; fileRef = 3785F6701D85636B00F32915 /* MainController.swift */; };
		3785F6851D857A0700F32915 /* TableViewCell.swift in Sources */ = {isa = PBXBuildFile; fileRef = 3785F6841D857A0700F32915 /* TableViewCell.swift */; };
		3785F7161D85EB5C00F32915 /* LICENSE.txt in Resources */ = {isa = PBXBuildFile; fileRef = 3785F6F01D85EB5C00F32915 /* LICENSE.txt */; };
		3785F7171D85EB5C00F32915 /* OpenSans-Bold.ttf in Resources */ = {isa = PBXBuildFile; fileRef = 3785F6F11D85EB5C00F32915 /* OpenSans-Bold.ttf */; };
		3785F7181D85EB5C00F32915 /* OpenSans-BoldItalic.ttf in Resources */ = {isa = PBXBuildFile; fileRef = 3785F6F21D85EB5C00F32915 /* OpenSans-BoldItalic.ttf */; };
		3785F7191D85EB5C00F32915 /* OpenSans-ExtraBold.ttf in Resources */ = {isa = PBXBuildFile; fileRef = 3785F6F31D85EB5C00F32915 /* OpenSans-ExtraBold.ttf */; };
		3785F71A1D85EB5C00F32915 /* OpenSans-ExtraBoldItalic.ttf in Resources */ = {isa = PBXBuildFile; fileRef = 3785F6F41D85EB5C00F32915 /* OpenSans-ExtraBoldItalic.ttf */; };
		3785F71B1D85EB5C00F32915 /* OpenSans-Italic.ttf in Resources */ = {isa = PBXBuildFile; fileRef = 3785F6F51D85EB5C00F32915 /* OpenSans-Italic.ttf */; };
		3785F71C1D85EB5C00F32915 /* OpenSans-Light.ttf in Resources */ = {isa = PBXBuildFile; fileRef = 3785F6F61D85EB5C00F32915 /* OpenSans-Light.ttf */; };
		3785F71D1D85EB5C00F32915 /* OpenSans-LightItalic.ttf in Resources */ = {isa = PBXBuildFile; fileRef = 3785F6F71D85EB5C00F32915 /* OpenSans-LightItalic.ttf */; };
		3785F71E1D85EB5C00F32915 /* OpenSans-Regular.ttf in Resources */ = {isa = PBXBuildFile; fileRef = 3785F6F81D85EB5C00F32915 /* OpenSans-Regular.ttf */; };
		3785F71F1D85EB5C00F32915 /* OpenSans-Semibold.ttf in Resources */ = {isa = PBXBuildFile; fileRef = 3785F6F91D85EB5C00F32915 /* OpenSans-Semibold.ttf */; };
		3785F7201D85EB5C00F32915 /* OpenSans-SemiboldItalic.ttf in Resources */ = {isa = PBXBuildFile; fileRef = 3785F6FA1D85EB5C00F32915 /* OpenSans-SemiboldItalic.ttf */; };
		3785F7751D861E0900F32915 /* ClipModel.swift in Sources */ = {isa = PBXBuildFile; fileRef = 3785F7741D861E0900F32915 /* ClipModel.swift */; };
		37AE2C511D9D280100A6C4A5 /* PlayerCalloutView.swift in Sources */ = {isa = PBXBuildFile; fileRef = 37AE2C501D9D280100A6C4A5 /* PlayerCalloutView.swift */; };
		37C1FE881D9EBD6400A58235 /* String+Extension.swift in Sources */ = {isa = PBXBuildFile; fileRef = 37C1FE871D9EBD6400A58235 /* String+Extension.swift */; };
		37C1FE911DAA9B9400A58235 /* LCTextLayer.swift in Sources */ = {isa = PBXBuildFile; fileRef = 37C1FE901DAA9B9400A58235 /* LCTextLayer.swift */; };
		37C1FE931DAAA7BE00A58235 /* VideoHelper.swift in Sources */ = {isa = PBXBuildFile; fileRef = 37C1FE921DAAA7BE00A58235 /* VideoHelper.swift */; };
		37C1FE951DAAC1D500A58235 /* ImageHelper.swift in Sources */ = {isa = PBXBuildFile; fileRef = 37C1FE941DAAC1D500A58235 /* ImageHelper.swift */; };
		37C9C37C1D9A08510081F825 /* MapKit.framework in Frameworks */ = {isa = PBXBuildFile; fileRef = 37C9C37B1D9A08510081F825 /* MapKit.framework */; };
		37C9C3851D9C1A2A0081F825 /* ClipCalloutView.swift in Sources */ = {isa = PBXBuildFile; fileRef = 37C9C3841D9C1A2A0081F825 /* ClipCalloutView.swift */; };
		37C9C3871D9C230D0081F825 /* PlayerView.swift in Sources */ = {isa = PBXBuildFile; fileRef = 37C9C3861D9C230D0081F825 /* PlayerView.swift */; };
		37D2E4EC1D9D61D900046AB9 /* ProfileController.swift in Sources */ = {isa = PBXBuildFile; fileRef = 37D2E4EB1D9D61D900046AB9 /* ProfileController.swift */; };
		37DBA8E91DBE032E0034AD07 /* Comment.swift in Sources */ = {isa = PBXBuildFile; fileRef = 37DBA8E81DBE032E0034AD07 /* Comment.swift */; };
		37DBA8EB1DBE317B0034AD07 /* CommentsController.swift in Sources */ = {isa = PBXBuildFile; fileRef = 37DBA8EA1DBE317B0034AD07 /* CommentsController.swift */; };
		37DBA8ED1DBE3FE00034AD07 /* CommentCell.swift in Sources */ = {isa = PBXBuildFile; fileRef = 37DBA8EC1DBE3FE00034AD07 /* CommentCell.swift */; };
		37E00FBF1D14F33700B19492 /* UIView+Frame.swift in Sources */ = {isa = PBXBuildFile; fileRef = 37E00FBE1D14F33700B19492 /* UIView+Frame.swift */; };
		37EF00251D873D5E005D39A1 /* MiniViewCell.swift in Sources */ = {isa = PBXBuildFile; fileRef = 37EF00241D873D5E005D39A1 /* MiniViewCell.swift */; };
		37F7DF921D916EEA0057F7E1 /* SearchController.swift in Sources */ = {isa = PBXBuildFile; fileRef = 37F7DF911D916EEA0057F7E1 /* SearchController.swift */; };
		37F7DF941D916F2B0057F7E1 /* MapController.swift in Sources */ = {isa = PBXBuildFile; fileRef = 37F7DF931D916F2B0057F7E1 /* MapController.swift */; };
		37FEFEBA1D11D33600C078AC /* AppDelegate.swift in Sources */ = {isa = PBXBuildFile; fileRef = 37FEFEB91D11D33600C078AC /* AppDelegate.swift */; };
		37FEFEBC1D11D33600C078AC /* LoginController.swift in Sources */ = {isa = PBXBuildFile; fileRef = 37FEFEBB1D11D33600C078AC /* LoginController.swift */; };
		37FEFEC11D11D33600C078AC /* Assets.xcassets in Resources */ = {isa = PBXBuildFile; fileRef = 37FEFEC01D11D33600C078AC /* Assets.xcassets */; };
		37FEFECC1D11D38E00C078AC /* GoogleService-Info.plist in Resources */ = {isa = PBXBuildFile; fileRef = 37FEFECB1D11D38E00C078AC /* GoogleService-Info.plist */; };
		37FEFED71D123A3700C078AC /* User.swift in Sources */ = {isa = PBXBuildFile; fileRef = 37FEFED61D123A3700C078AC /* User.swift */; };
		6F94B92CF5620D58B22E1CC4 /* Pods_Pinly.framework in Frameworks */ = {isa = PBXBuildFile; fileRef = 9A647296DF3F992D66408496 /* Pods_Pinly.framework */; };
/* End PBXBuildFile section */

/* Begin PBXCopyFilesBuildPhase section */
		3785F7731D85F7FA00F32915 /* Embed Frameworks */ = {
			isa = PBXCopyFilesBuildPhase;
			buildActionMask = 2147483647;
			dstPath = "";
			dstSubfolderSpec = 10;
			files = (
			);
			name = "Embed Frameworks";
			runOnlyForDeploymentPostprocessing = 0;
		};
/* End PBXCopyFilesBuildPhase section */

/* Begin PBXFileReference section */
		26B1EB474AFE555291DA0DD7 /* Pods-Pinly.debug.xcconfig */ = {isa = PBXFileReference; includeInIndex = 1; lastKnownFileType = text.xcconfig; name = "Pods-Pinly.debug.xcconfig"; path = "Pods/Target Support Files/Pods-Pinly/Pods-Pinly.debug.xcconfig"; sourceTree = "<group>"; };
		27CB4E101D9ED10E001F7857 /* SearchItemCell.swift */ = {isa = PBXFileReference; fileEncoding = 4; lastKnownFileType = sourcecode.swift; path = SearchItemCell.swift; sourceTree = "<group>"; };
		371068D91D7DE0A000BDFC42 /* CameraViewController.swift */ = {isa = PBXFileReference; fileEncoding = 4; lastKnownFileType = sourcecode.swift; path = CameraViewController.swift; sourceTree = "<group>"; };
		371068DD1D7FF26200BDFC42 /* CameraPreviewController.swift */ = {isa = PBXFileReference; fileEncoding = 4; lastKnownFileType = sourcecode.swift; path = CameraPreviewController.swift; sourceTree = "<group>"; };
		371068DF1D80453200BDFC42 /* RecordButton.swift */ = {isa = PBXFileReference; fileEncoding = 4; lastKnownFileType = sourcecode.swift; path = RecordButton.swift; sourceTree = "<group>"; };
		371068E11D83003100BDFC42 /* CameraPlaybackController.swift */ = {isa = PBXFileReference; fileEncoding = 4; lastKnownFileType = sourcecode.swift; path = CameraPlaybackController.swift; sourceTree = "<group>"; };
		371A4C741DB52E08001D0938 /* Friend.swift */ = {isa = PBXFileReference; fileEncoding = 4; lastKnownFileType = sourcecode.swift; path = Friend.swift; sourceTree = "<group>"; };
		371A4C791DB5E4ED001D0938 /* SyncContactController.swift */ = {isa = PBXFileReference; fileEncoding = 4; lastKnownFileType = sourcecode.swift; path = SyncContactController.swift; sourceTree = "<group>"; };
		371A4C7B1DB6394A001D0938 /* SuggestFriendController.swift */ = {isa = PBXFileReference; fileEncoding = 4; lastKnownFileType = sourcecode.swift; path = SuggestFriendController.swift; sourceTree = "<group>"; };
		3724B0781D9E65B300181071 /* LaunchScreen.storyboard */ = {isa = PBXFileReference; fileEncoding = 4; lastKnownFileType = file.storyboard; path = LaunchScreen.storyboard; sourceTree = "<group>"; };
		3724B07A1D9E76A200181071 /* WebViewController.swift */ = {isa = PBXFileReference; fileEncoding = 4; lastKnownFileType = sourcecode.swift; path = WebViewController.swift; sourceTree = "<group>"; };
		3727ECE01DC5E4A30049A325 /* LocationInfo.swift */ = {isa = PBXFileReference; fileEncoding = 4; lastKnownFileType = sourcecode.swift; path = LocationInfo.swift; sourceTree = "<group>"; };
		372ADA8A1DADF18300EA6584 /* UploadHelper.swift */ = {isa = PBXFileReference; fileEncoding = 4; lastKnownFileType = sourcecode.swift; path = UploadHelper.swift; sourceTree = "<group>"; };
		372D8DB41D12BF2B008DBADA /* FriendsController.swift */ = {isa = PBXFileReference; fileEncoding = 4; lastKnownFileType = sourcecode.swift; path = FriendsController.swift; sourceTree = "<group>"; };
		372D8DB61D12C0F8008DBADA /* UserModel.swift */ = {isa = PBXFileReference; fileEncoding = 4; lastKnownFileType = sourcecode.swift; path = UserModel.swift; sourceTree = "<group>"; };
		372D8DB81D1304E7008DBADA /* FriendsLoader.swift */ = {isa = PBXFileReference; fileEncoding = 4; lastKnownFileType = sourcecode.swift; path = FriendsLoader.swift; sourceTree = "<group>"; };
		372D8DBC1D1310D3008DBADA /* Clip.swift */ = {isa = PBXFileReference; fileEncoding = 4; lastKnownFileType = sourcecode.swift; path = Clip.swift; sourceTree = "<group>"; };
		3774B8E91DC6809C00775FAC /* NotificationHelper.swift */ = {isa = PBXFileReference; fileEncoding = 4; lastKnownFileType = sourcecode.swift; path = NotificationHelper.swift; sourceTree = "<group>"; };
		3774B8EB1DC688F100775FAC /* Tritone.mp3 */ = {isa = PBXFileReference; lastKnownFileType = audio.mp3; path = Tritone.mp3; sourceTree = "<group>"; };
		3777742C1DC0AA3B00ECD8DB /* Pinly.entitlements */ = {isa = PBXFileReference; lastKnownFileType = text.plist.entitlements; path = Pinly.entitlements; sourceTree = SOURCE_ROOT; };
		3777742D1DC10D0D00ECD8DB /* Device.swift */ = {isa = PBXFileReference; fileEncoding = 4; lastKnownFileType = sourcecode.swift; path = Device.swift; sourceTree = "<group>"; };
		3785F6701D85636B00F32915 /* MainController.swift */ = {isa = PBXFileReference; fileEncoding = 4; lastKnownFileType = sourcecode.swift; path = MainController.swift; sourceTree = "<group>"; };
		3785F6831D8568B500F32915 /* Bridging-Header.h */ = {isa = PBXFileReference; fileEncoding = 4; lastKnownFileType = sourcecode.c.h; path = "Bridging-Header.h"; sourceTree = SOURCE_ROOT; };
		3785F6841D857A0700F32915 /* TableViewCell.swift */ = {isa = PBXFileReference; fileEncoding = 4; lastKnownFileType = sourcecode.swift; path = TableViewCell.swift; sourceTree = "<group>"; };
		3785F6F01D85EB5C00F32915 /* LICENSE.txt */ = {isa = PBXFileReference; fileEncoding = 4; lastKnownFileType = text; path = LICENSE.txt; sourceTree = "<group>"; };
		3785F6F11D85EB5C00F32915 /* OpenSans-Bold.ttf */ = {isa = PBXFileReference; lastKnownFileType = file; path = "OpenSans-Bold.ttf"; sourceTree = "<group>"; };
		3785F6F21D85EB5C00F32915 /* OpenSans-BoldItalic.ttf */ = {isa = PBXFileReference; lastKnownFileType = file; path = "OpenSans-BoldItalic.ttf"; sourceTree = "<group>"; };
		3785F6F31D85EB5C00F32915 /* OpenSans-ExtraBold.ttf */ = {isa = PBXFileReference; lastKnownFileType = file; path = "OpenSans-ExtraBold.ttf"; sourceTree = "<group>"; };
		3785F6F41D85EB5C00F32915 /* OpenSans-ExtraBoldItalic.ttf */ = {isa = PBXFileReference; lastKnownFileType = file; path = "OpenSans-ExtraBoldItalic.ttf"; sourceTree = "<group>"; };
		3785F6F51D85EB5C00F32915 /* OpenSans-Italic.ttf */ = {isa = PBXFileReference; lastKnownFileType = file; path = "OpenSans-Italic.ttf"; sourceTree = "<group>"; };
		3785F6F61D85EB5C00F32915 /* OpenSans-Light.ttf */ = {isa = PBXFileReference; lastKnownFileType = file; path = "OpenSans-Light.ttf"; sourceTree = "<group>"; };
		3785F6F71D85EB5C00F32915 /* OpenSans-LightItalic.ttf */ = {isa = PBXFileReference; lastKnownFileType = file; path = "OpenSans-LightItalic.ttf"; sourceTree = "<group>"; };
		3785F6F81D85EB5C00F32915 /* OpenSans-Regular.ttf */ = {isa = PBXFileReference; lastKnownFileType = file; path = "OpenSans-Regular.ttf"; sourceTree = "<group>"; };
		3785F6F91D85EB5C00F32915 /* OpenSans-Semibold.ttf */ = {isa = PBXFileReference; lastKnownFileType = file; path = "OpenSans-Semibold.ttf"; sourceTree = "<group>"; };
		3785F6FA1D85EB5C00F32915 /* OpenSans-SemiboldItalic.ttf */ = {isa = PBXFileReference; lastKnownFileType = file; path = "OpenSans-SemiboldItalic.ttf"; sourceTree = "<group>"; };
		3785F7741D861E0900F32915 /* ClipModel.swift */ = {isa = PBXFileReference; fileEncoding = 4; lastKnownFileType = sourcecode.swift; path = ClipModel.swift; sourceTree = "<group>"; };
		37AE2C501D9D280100A6C4A5 /* PlayerCalloutView.swift */ = {isa = PBXFileReference; fileEncoding = 4; lastKnownFileType = sourcecode.swift; path = PlayerCalloutView.swift; sourceTree = "<group>"; };
		37C1FE871D9EBD6400A58235 /* String+Extension.swift */ = {isa = PBXFileReference; fileEncoding = 4; lastKnownFileType = sourcecode.swift; path = "String+Extension.swift"; sourceTree = "<group>"; };
		37C1FE901DAA9B9400A58235 /* LCTextLayer.swift */ = {isa = PBXFileReference; fileEncoding = 4; lastKnownFileType = sourcecode.swift; path = LCTextLayer.swift; sourceTree = "<group>"; };
		37C1FE921DAAA7BE00A58235 /* VideoHelper.swift */ = {isa = PBXFileReference; fileEncoding = 4; lastKnownFileType = sourcecode.swift; path = VideoHelper.swift; sourceTree = "<group>"; };
		37C1FE941DAAC1D500A58235 /* ImageHelper.swift */ = {isa = PBXFileReference; fileEncoding = 4; lastKnownFileType = sourcecode.swift; path = ImageHelper.swift; sourceTree = "<group>"; };
		37C9C37B1D9A08510081F825 /* MapKit.framework */ = {isa = PBXFileReference; lastKnownFileType = wrapper.framework; name = MapKit.framework; path = System/Library/Frameworks/MapKit.framework; sourceTree = SDKROOT; };
		37C9C3841D9C1A2A0081F825 /* ClipCalloutView.swift */ = {isa = PBXFileReference; fileEncoding = 4; lastKnownFileType = sourcecode.swift; path = ClipCalloutView.swift; sourceTree = "<group>"; };
		37C9C3861D9C230D0081F825 /* PlayerView.swift */ = {isa = PBXFileReference; fileEncoding = 4; lastKnownFileType = sourcecode.swift; path = PlayerView.swift; sourceTree = "<group>"; };
		37D2E4EB1D9D61D900046AB9 /* ProfileController.swift */ = {isa = PBXFileReference; fileEncoding = 4; lastKnownFileType = sourcecode.swift; path = ProfileController.swift; sourceTree = "<group>"; };
		37DBA8E81DBE032E0034AD07 /* Comment.swift */ = {isa = PBXFileReference; fileEncoding = 4; lastKnownFileType = sourcecode.swift; path = Comment.swift; sourceTree = "<group>"; };
		37DBA8EA1DBE317B0034AD07 /* CommentsController.swift */ = {isa = PBXFileReference; fileEncoding = 4; lastKnownFileType = sourcecode.swift; path = CommentsController.swift; sourceTree = "<group>"; };
		37DBA8EC1DBE3FE00034AD07 /* CommentCell.swift */ = {isa = PBXFileReference; fileEncoding = 4; lastKnownFileType = sourcecode.swift; path = CommentCell.swift; sourceTree = "<group>"; };
		37E00FBE1D14F33700B19492 /* UIView+Frame.swift */ = {isa = PBXFileReference; fileEncoding = 4; lastKnownFileType = sourcecode.swift; path = "UIView+Frame.swift"; sourceTree = "<group>"; };
		37EF00241D873D5E005D39A1 /* MiniViewCell.swift */ = {isa = PBXFileReference; fileEncoding = 4; lastKnownFileType = sourcecode.swift; path = MiniViewCell.swift; sourceTree = "<group>"; };
		37F7DF911D916EEA0057F7E1 /* SearchController.swift */ = {isa = PBXFileReference; fileEncoding = 4; lastKnownFileType = sourcecode.swift; path = SearchController.swift; sourceTree = "<group>"; };
		37F7DF931D916F2B0057F7E1 /* MapController.swift */ = {isa = PBXFileReference; fileEncoding = 4; lastKnownFileType = sourcecode.swift; path = MapController.swift; sourceTree = "<group>"; };
		37FEFEB61D11D33600C078AC /* Pinly.app */ = {isa = PBXFileReference; explicitFileType = wrapper.application; includeInIndex = 0; path = Pinly.app; sourceTree = BUILT_PRODUCTS_DIR; };
		37FEFEB91D11D33600C078AC /* AppDelegate.swift */ = {isa = PBXFileReference; lastKnownFileType = sourcecode.swift; path = AppDelegate.swift; sourceTree = "<group>"; };
		37FEFEBB1D11D33600C078AC /* LoginController.swift */ = {isa = PBXFileReference; lastKnownFileType = sourcecode.swift; path = LoginController.swift; sourceTree = "<group>"; };
		37FEFEC01D11D33600C078AC /* Assets.xcassets */ = {isa = PBXFileReference; lastKnownFileType = folder.assetcatalog; path = Assets.xcassets; sourceTree = "<group>"; };
		37FEFEC51D11D33600C078AC /* Info.plist */ = {isa = PBXFileReference; lastKnownFileType = text.plist.xml; path = Info.plist; sourceTree = "<group>"; };
		37FEFECB1D11D38E00C078AC /* GoogleService-Info.plist */ = {isa = PBXFileReference; fileEncoding = 4; lastKnownFileType = text.plist.xml; path = "GoogleService-Info.plist"; sourceTree = "<group>"; };
		37FEFED61D123A3700C078AC /* User.swift */ = {isa = PBXFileReference; fileEncoding = 4; lastKnownFileType = sourcecode.swift; path = User.swift; sourceTree = "<group>"; };
		419DFE0751051819538693FF /* Pods-Pinly.release.xcconfig */ = {isa = PBXFileReference; includeInIndex = 1; lastKnownFileType = text.xcconfig; name = "Pods-Pinly.release.xcconfig"; path = "Pods/Target Support Files/Pods-Pinly/Pods-Pinly.release.xcconfig"; sourceTree = "<group>"; };
		9A647296DF3F992D66408496 /* Pods_Pinly.framework */ = {isa = PBXFileReference; explicitFileType = wrapper.framework; includeInIndex = 0; path = Pods_Pinly.framework; sourceTree = BUILT_PRODUCTS_DIR; };
/* End PBXFileReference section */

/* Begin PBXFrameworksBuildPhase section */
		37FEFEB31D11D33600C078AC /* Frameworks */ = {
			isa = PBXFrameworksBuildPhase;
			buildActionMask = 2147483647;
			files = (
				37C9C37C1D9A08510081F825 /* MapKit.framework in Frameworks */,
				6F94B92CF5620D58B22E1CC4 /* Pods_Pinly.framework in Frameworks */,
			);
			runOnlyForDeploymentPostprocessing = 0;
		};
/* End PBXFrameworksBuildPhase section */

/* Begin PBXGroup section */
		2F1664EE9252496BC45507E7 /* Pods */ = {
			isa = PBXGroup;
			children = (
				26B1EB474AFE555291DA0DD7 /* Pods-Pinly.debug.xcconfig */,
				419DFE0751051819538693FF /* Pods-Pinly.release.xcconfig */,
			);
			name = Pods;
			sourceTree = "<group>";
		};
		372D8DC51D13A305008DBADA /* Helpers */ = {
			isa = PBXGroup;
			children = (
				37C1FE941DAAC1D500A58235 /* ImageHelper.swift */,
				372D8DB81D1304E7008DBADA /* FriendsLoader.swift */,
				37E00FBE1D14F33700B19492 /* UIView+Frame.swift */,
				37C1FE871D9EBD6400A58235 /* String+Extension.swift */,
				37C1FE901DAA9B9400A58235 /* LCTextLayer.swift */,
				37C1FE921DAAA7BE00A58235 /* VideoHelper.swift */,
				372ADA8A1DADF18300EA6584 /* UploadHelper.swift */,
				3727ECE01DC5E4A30049A325 /* LocationInfo.swift */,
				3774B8E91DC6809C00775FAC /* NotificationHelper.swift */,
			);
			name = Helpers;
			sourceTree = "<group>";
		};
		373696EE1D9D1CD9008DBFD4 /* Support */ = {
			isa = PBXGroup;
			children = (
				371A4C791DB5E4ED001D0938 /* SyncContactController.swift */,
				371A4C7B1DB6394A001D0938 /* SuggestFriendController.swift */,
				3724B07A1D9E76A200181071 /* WebViewController.swift */,
				37DBA8EA1DBE317B0034AD07 /* CommentsController.swift */,
			);
			name = Support;
			sourceTree = "<group>";
		};
		37449C801D8685B600EADA55 /* DataModels */ = {
			isa = PBXGroup;
			children = (
				372D8DB61D12C0F8008DBADA /* UserModel.swift */,
				3785F7741D861E0900F32915 /* ClipModel.swift */,
			);
			name = DataModels;
			sourceTree = "<group>";
		};
		3785F6861D85EACF00F32915 /* Fonts */ = {
			isa = PBXGroup;
			children = (
				3785F6EF1D85EB5C00F32915 /* Open_Sans */,
			);
			name = Fonts;
			sourceTree = "<group>";
		};
		3785F6EF1D85EB5C00F32915 /* Open_Sans */ = {
			isa = PBXGroup;
			children = (
				3785F6F01D85EB5C00F32915 /* LICENSE.txt */,
				3785F6F11D85EB5C00F32915 /* OpenSans-Bold.ttf */,
				3785F6F21D85EB5C00F32915 /* OpenSans-BoldItalic.ttf */,
				3785F6F31D85EB5C00F32915 /* OpenSans-ExtraBold.ttf */,
				3785F6F41D85EB5C00F32915 /* OpenSans-ExtraBoldItalic.ttf */,
				3785F6F51D85EB5C00F32915 /* OpenSans-Italic.ttf */,
				3785F6F61D85EB5C00F32915 /* OpenSans-Light.ttf */,
				3785F6F71D85EB5C00F32915 /* OpenSans-LightItalic.ttf */,
				3785F6F81D85EB5C00F32915 /* OpenSans-Regular.ttf */,
				3785F6F91D85EB5C00F32915 /* OpenSans-Semibold.ttf */,
				3785F6FA1D85EB5C00F32915 /* OpenSans-SemiboldItalic.ttf */,
			);
			name = Open_Sans;
			path = Fonts/Open_Sans;
			sourceTree = "<group>";
		};
		37C9C3831D9C1A050081F825 /* Views */ = {
			isa = PBXGroup;
			children = (
				3785F6841D857A0700F32915 /* TableViewCell.swift */,
				371068DF1D80453200BDFC42 /* RecordButton.swift */,
				37EF00241D873D5E005D39A1 /* MiniViewCell.swift */,
				37C9C3841D9C1A2A0081F825 /* ClipCalloutView.swift */,
				37AE2C501D9D280100A6C4A5 /* PlayerCalloutView.swift */,
				37C9C3861D9C230D0081F825 /* PlayerView.swift */,
				27CB4E101D9ED10E001F7857 /* SearchItemCell.swift */,
				37DBA8EC1DBE3FE00034AD07 /* CommentCell.swift */,
			);
			name = Views;
			sourceTree = "<group>";
		};
		37E00FC31D15C40600B19492 /* Controllers */ = {
			isa = PBXGroup;
			children = (
				373696EE1D9D1CD9008DBFD4 /* Support */,
				3785F6701D85636B00F32915 /* MainController.swift */,
				37FEFEBB1D11D33600C078AC /* LoginController.swift */,
				37D2E4EB1D9D61D900046AB9 /* ProfileController.swift */,
				372D8DB41D12BF2B008DBADA /* FriendsController.swift */,
				37F7DF911D916EEA0057F7E1 /* SearchController.swift */,
				37F7DF931D916F2B0057F7E1 /* MapController.swift */,
				37E00FDC1D16EC4A00B19492 /* Camera */,
			);
			name = Controllers;
			sourceTree = "<group>";
		};
		37E00FDC1D16EC4A00B19492 /* Camera */ = {
			isa = PBXGroup;
			children = (
				371068D91D7DE0A000BDFC42 /* CameraViewController.swift */,
				371068DD1D7FF26200BDFC42 /* CameraPreviewController.swift */,
				371068E11D83003100BDFC42 /* CameraPlaybackController.swift */,
			);
			name = Camera;
			sourceTree = "<group>";
		};
		37FEFEAD1D11D33600C078AC = {
			isa = PBXGroup;
			children = (
				37FEFEB81D11D33600C078AC /* Pinly */,
				37FEFEB71D11D33600C078AC /* Products */,
				2F1664EE9252496BC45507E7 /* Pods */,
				D543431A1101CCD7E38B4AE5 /* Frameworks */,
			);
			sourceTree = "<group>";
		};
		37FEFEB71D11D33600C078AC /* Products */ = {
			isa = PBXGroup;
			children = (
				37FEFEB61D11D33600C078AC /* Pinly.app */,
			);
			name = Products;
			sourceTree = "<group>";
		};
		37FEFEB81D11D33600C078AC /* Pinly */ = {
			isa = PBXGroup;
			children = (
				3785F6861D85EACF00F32915 /* Fonts */,
				372D8DC51D13A305008DBADA /* Helpers */,
				37FEFED51D12397000C078AC /* Layouts */,
				37FEFED31D1238DF00C078AC /* Application */,
				37449C801D8685B600EADA55 /* DataModels */,
				37FEFED41D12395800C078AC /* Models */,
				37C9C3831D9C1A050081F825 /* Views */,
				37E00FC31D15C40600B19492 /* Controllers */,
			);
			name = Pinly;
			path = Group;
			sourceTree = "<group>";
		};
		37FEFED31D1238DF00C078AC /* Application */ = {
			isa = PBXGroup;
			children = (
				37FEFEB91D11D33600C078AC /* AppDelegate.swift */,
				37FEFEC01D11D33600C078AC /* Assets.xcassets */,
				3774B8EB1DC688F100775FAC /* Tritone.mp3 */,
				37FEFEC51D11D33600C078AC /* Info.plist */,
				37FEFECB1D11D38E00C078AC /* GoogleService-Info.plist */,
				3785F6831D8568B500F32915 /* Bridging-Header.h */,
				3777742C1DC0AA3B00ECD8DB /* Pinly.entitlements */,
			);
			name = Application;
			sourceTree = "<group>";
		};
		37FEFED41D12395800C078AC /* Models */ = {
			isa = PBXGroup;
			children = (
				37FEFED61D123A3700C078AC /* User.swift */,
				372D8DBC1D1310D3008DBADA /* Clip.swift */,
				371A4C741DB52E08001D0938 /* Friend.swift */,
				37DBA8E81DBE032E0034AD07 /* Comment.swift */,
				3777742D1DC10D0D00ECD8DB /* Device.swift */,
			);
			name = Models;
			sourceTree = "<group>";
		};
		37FEFED51D12397000C078AC /* Layouts */ = {
			isa = PBXGroup;
			children = (
				3724B0781D9E65B300181071 /* LaunchScreen.storyboard */,
			);
			name = Layouts;
			sourceTree = "<group>";
		};
		D543431A1101CCD7E38B4AE5 /* Frameworks */ = {
			isa = PBXGroup;
			children = (
				37C9C37B1D9A08510081F825 /* MapKit.framework */,
				9A647296DF3F992D66408496 /* Pods_Pinly.framework */,
			);
			name = Frameworks;
			sourceTree = "<group>";
		};
/* End PBXGroup section */

/* Begin PBXNativeTarget section */
		37FEFEB51D11D33600C078AC /* Pinly */ = {
			isa = PBXNativeTarget;
			buildConfigurationList = 37FEFEC81D11D33600C078AC /* Build configuration list for PBXNativeTarget "Pinly" */;
			buildPhases = (
				7666CA950EC497F78F5AA945 /* [CP] Check Pods Manifest.lock */,
				37FEFEB21D11D33600C078AC /* Sources */,
				37FEFEB31D11D33600C078AC /* Frameworks */,
				37FEFEB41D11D33600C078AC /* Resources */,
				06D0C8E0AC6284DEAC1E5218 /* [CP] Embed Pods Frameworks */,
				21256160131106EB17A5B841 /* [CP] Copy Pods Resources */,
				37FEFECD1D11D4BE00C078AC /* ShellScript */,
				3785F7731D85F7FA00F32915 /* Embed Frameworks */,
			);
			buildRules = (
			);
			dependencies = (
			);
			name = Pinly;
			productName = Group;
			productReference = 37FEFEB61D11D33600C078AC /* Pinly.app */;
			productType = "com.apple.product-type.application";
		};
/* End PBXNativeTarget section */

/* Begin PBXProject section */
		37FEFEAE1D11D33600C078AC /* Project object */ = {
			isa = PBXProject;
			attributes = {
				LastSwiftUpdateCheck = 0730;
				LastUpgradeCheck = 0800;
				ORGANIZATIONNAME = ping;
				TargetAttributes = {
					37FEFEB51D11D33600C078AC = {
						CreatedOnToolsVersion = 7.3.1;
						DevelopmentTeam = L5KGYLLYBX;
						LastSwiftMigration = 0800;
						ProvisioningStyle = Automatic;
						SystemCapabilities = {
							com.apple.Maps.iOS = {
								enabled = 0;
							};
							com.apple.Push = {
								enabled = 1;
							};
						};
					};
				};
			};
			buildConfigurationList = 37FEFEB11D11D33600C078AC /* Build configuration list for PBXProject "Pinly" */;
			compatibilityVersion = "Xcode 3.2";
			developmentRegion = English;
			hasScannedForEncodings = 0;
			knownRegions = (
				en,
				Base,
			);
			mainGroup = 37FEFEAD1D11D33600C078AC;
			productRefGroup = 37FEFEB71D11D33600C078AC /* Products */;
			projectDirPath = "";
			projectRoot = "";
			targets = (
				37FEFEB51D11D33600C078AC /* Pinly */,
			);
		};
/* End PBXProject section */

/* Begin PBXResourcesBuildPhase section */
		37FEFEB41D11D33600C078AC /* Resources */ = {
			isa = PBXResourcesBuildPhase;
			buildActionMask = 2147483647;
			files = (
				3785F7201D85EB5C00F32915 /* OpenSans-SemiboldItalic.ttf in Resources */,
				3785F7171D85EB5C00F32915 /* OpenSans-Bold.ttf in Resources */,
				3785F7191D85EB5C00F32915 /* OpenSans-ExtraBold.ttf in Resources */,
				3785F7181D85EB5C00F32915 /* OpenSans-BoldItalic.ttf in Resources */,
				3785F71B1D85EB5C00F32915 /* OpenSans-Italic.ttf in Resources */,
				37FEFECC1D11D38E00C078AC /* GoogleService-Info.plist in Resources */,
				3785F71E1D85EB5C00F32915 /* OpenSans-Regular.ttf in Resources */,
				3785F7161D85EB5C00F32915 /* LICENSE.txt in Resources */,
				3785F71C1D85EB5C00F32915 /* OpenSans-Light.ttf in Resources */,
				3785F71D1D85EB5C00F32915 /* OpenSans-LightItalic.ttf in Resources */,
				37FEFEC11D11D33600C078AC /* Assets.xcassets in Resources */,
				3724B0791D9E65B300181071 /* LaunchScreen.storyboard in Resources */,
				3785F71F1D85EB5C00F32915 /* OpenSans-Semibold.ttf in Resources */,
				3774B8EC1DC688F100775FAC /* Tritone.mp3 in Resources */,
				3785F71A1D85EB5C00F32915 /* OpenSans-ExtraBoldItalic.ttf in Resources */,
			);
			runOnlyForDeploymentPostprocessing = 0;
		};
/* End PBXResourcesBuildPhase section */

/* Begin PBXShellScriptBuildPhase section */
		06D0C8E0AC6284DEAC1E5218 /* [CP] Embed Pods Frameworks */ = {
			isa = PBXShellScriptBuildPhase;
			buildActionMask = 2147483647;
			files = (
			);
			inputPaths = (
			);
			name = "[CP] Embed Pods Frameworks";
			outputPaths = (
			);
			runOnlyForDeploymentPostprocessing = 0;
			shellPath = /bin/sh;
			shellScript = "\"${SRCROOT}/Pods/Target Support Files/Pods-Pinly/Pods-Pinly-frameworks.sh\"\n";
			showEnvVarsInLog = 0;
		};
		21256160131106EB17A5B841 /* [CP] Copy Pods Resources */ = {
			isa = PBXShellScriptBuildPhase;
			buildActionMask = 2147483647;
			files = (
			);
			inputPaths = (
			);
			name = "[CP] Copy Pods Resources";
			outputPaths = (
			);
			runOnlyForDeploymentPostprocessing = 0;
			shellPath = /bin/sh;
			shellScript = "\"${SRCROOT}/Pods/Target Support Files/Pods-Pinly/Pods-Pinly-resources.sh\"\n";
			showEnvVarsInLog = 0;
		};
		37FEFECD1D11D4BE00C078AC /* ShellScript */ = {
			isa = PBXShellScriptBuildPhase;
			buildActionMask = 2147483647;
			files = (
			);
			inputPaths = (
			);
			outputPaths = (
			);
			runOnlyForDeploymentPostprocessing = 0;
			shellPath = /bin/sh;
			shellScript = "\"${PODS_ROOT}/Fabric/run\" 760c29ab82110dbaf2e1bfaf9f51eab6c2b050c8 473ca7651e779b8b19225500130c56993efb6fb7404ae6cd0c2a231e28efaa46";
		};
		7666CA950EC497F78F5AA945 /* [CP] Check Pods Manifest.lock */ = {
			isa = PBXShellScriptBuildPhase;
			buildActionMask = 2147483647;
			files = (
			);
			inputPaths = (
			);
			name = "[CP] Check Pods Manifest.lock";
			outputPaths = (
			);
			runOnlyForDeploymentPostprocessing = 0;
			shellPath = /bin/sh;
			shellScript = "diff \"${PODS_ROOT}/../Podfile.lock\" \"${PODS_ROOT}/Manifest.lock\" > /dev/null\nif [ $? != 0 ] ; then\n    # print error to STDERR\n    echo \"error: The sandbox is not in sync with the Podfile.lock. Run 'pod install' or update your CocoaPods installation.\" >&2\n    exit 1\nfi\n";
			showEnvVarsInLog = 0;
		};
/* End PBXShellScriptBuildPhase section */

/* Begin PBXSourcesBuildPhase section */
		37FEFEB21D11D33600C078AC /* Sources */ = {
			isa = PBXSourcesBuildPhase;
			buildActionMask = 2147483647;
			files = (
				27CB4E111D9ED10E001F7857 /* SearchItemCell.swift in Sources */,
				3727ECE11DC5E4A30049A325 /* LocationInfo.swift in Sources */,
				37D2E4EC1D9D61D900046AB9 /* ProfileController.swift in Sources */,
				3785F6851D857A0700F32915 /* TableViewCell.swift in Sources */,
				3777742E1DC10D0D00ECD8DB /* Device.swift in Sources */,
				3774B8EA1DC6809C00775FAC /* NotificationHelper.swift in Sources */,
				371068DA1D7DE0A000BDFC42 /* CameraViewController.swift in Sources */,
				371A4C7A1DB5E4ED001D0938 /* SyncContactController.swift in Sources */,
				37FEFED71D123A3700C078AC /* User.swift in Sources */,
				37AE2C511D9D280100A6C4A5 /* PlayerCalloutView.swift in Sources */,
				37C9C3871D9C230D0081F825 /* PlayerView.swift in Sources */,
				3785F6711D85636B00F32915 /* MainController.swift in Sources */,
				37DBA8EB1DBE317B0034AD07 /* CommentsController.swift in Sources */,
				3724B07B1D9E76A200181071 /* WebViewController.swift in Sources */,
				372ADA8B1DADF18300EA6584 /* UploadHelper.swift in Sources */,
				37C1FE881D9EBD6400A58235 /* String+Extension.swift in Sources */,
				372D8DB71D12C0F8008DBADA /* UserModel.swift in Sources */,
				371068E21D83003100BDFC42 /* CameraPlaybackController.swift in Sources */,
				372D8DB51D12BF2B008DBADA /* FriendsController.swift in Sources */,
				37E00FBF1D14F33700B19492 /* UIView+Frame.swift in Sources */,
				37FEFEBC1D11D33600C078AC /* LoginController.swift in Sources */,
				37C1FE911DAA9B9400A58235 /* LCTextLayer.swift in Sources */,
				37F7DF921D916EEA0057F7E1 /* SearchController.swift in Sources */,
				37DBA8ED1DBE3FE00034AD07 /* CommentCell.swift in Sources */,
				371068DE1D7FF26200BDFC42 /* CameraPreviewController.swift in Sources */,
				3785F7751D861E0900F32915 /* ClipModel.swift in Sources */,
				37EF00251D873D5E005D39A1 /* MiniViewCell.swift in Sources */,
				371A4C7C1DB6394A001D0938 /* SuggestFriendController.swift in Sources */,
				37F7DF941D916F2B0057F7E1 /* MapController.swift in Sources */,
				372D8DB91D1304E7008DBADA /* FriendsLoader.swift in Sources */,
				37C1FE931DAAA7BE00A58235 /* VideoHelper.swift in Sources */,
				37FEFEBA1D11D33600C078AC /* AppDelegate.swift in Sources */,
				37C1FE951DAAC1D500A58235 /* ImageHelper.swift in Sources */,
				371068E01D80453200BDFC42 /* RecordButton.swift in Sources */,
				371A4C751DB52E08001D0938 /* Friend.swift in Sources */,
				37C9C3851D9C1A2A0081F825 /* ClipCalloutView.swift in Sources */,
				37DBA8E91DBE032E0034AD07 /* Comment.swift in Sources */,
				372D8DBD1D1310D3008DBADA /* Clip.swift in Sources */,
			);
			runOnlyForDeploymentPostprocessing = 0;
		};
/* End PBXSourcesBuildPhase section */

/* Begin XCBuildConfiguration section */
		37FEFEC61D11D33600C078AC /* Debug */ = {
			isa = XCBuildConfiguration;
			buildSettings = {
				ALWAYS_SEARCH_USER_PATHS = NO;
				CLANG_ANALYZER_NONNULL = YES;
				CLANG_CXX_LANGUAGE_STANDARD = "gnu++0x";
				CLANG_CXX_LIBRARY = "libc++";
				CLANG_ENABLE_MODULES = YES;
				CLANG_ENABLE_OBJC_ARC = YES;
				CLANG_WARN_BOOL_CONVERSION = YES;
				CLANG_WARN_CONSTANT_CONVERSION = YES;
				CLANG_WARN_DIRECT_OBJC_ISA_USAGE = YES_ERROR;
				CLANG_WARN_EMPTY_BODY = YES;
				CLANG_WARN_ENUM_CONVERSION = YES;
				CLANG_WARN_INT_CONVERSION = YES;
				CLANG_WARN_OBJC_ROOT_CLASS = YES_ERROR;
				CLANG_WARN_UNREACHABLE_CODE = YES;
				CLANG_WARN__DUPLICATE_METHOD_MATCH = YES;
				"CODE_SIGN_IDENTITY[sdk=iphoneos*]" = "iPhone Developer";
				COPY_PHASE_STRIP = NO;
				DEBUG_INFORMATION_FORMAT = dwarf;
				ENABLE_STRICT_OBJC_MSGSEND = YES;
				ENABLE_TESTABILITY = YES;
				GCC_C_LANGUAGE_STANDARD = gnu99;
				GCC_DYNAMIC_NO_PIC = NO;
				GCC_NO_COMMON_BLOCKS = YES;
				GCC_OPTIMIZATION_LEVEL = 0;
				GCC_PREPROCESSOR_DEFINITIONS = (
					"DEBUG=1",
					"$(inherited)",
				);
				GCC_WARN_64_TO_32_BIT_CONVERSION = YES;
				GCC_WARN_ABOUT_RETURN_TYPE = YES_ERROR;
				GCC_WARN_UNDECLARED_SELECTOR = YES;
				GCC_WARN_UNINITIALIZED_AUTOS = YES_AGGRESSIVE;
				GCC_WARN_UNUSED_FUNCTION = YES;
				GCC_WARN_UNUSED_VARIABLE = YES;
				IPHONEOS_DEPLOYMENT_TARGET = 8.0;
				MTL_ENABLE_DEBUG_INFO = YES;
				ONLY_ACTIVE_ARCH = YES;
				SDKROOT = iphoneos;
				SWIFT_OPTIMIZATION_LEVEL = "-Onone";
			};
			name = Debug;
		};
		37FEFEC71D11D33600C078AC /* Release */ = {
			isa = XCBuildConfiguration;
			buildSettings = {
				ALWAYS_SEARCH_USER_PATHS = NO;
				CLANG_ANALYZER_NONNULL = YES;
				CLANG_CXX_LANGUAGE_STANDARD = "gnu++0x";
				CLANG_CXX_LIBRARY = "libc++";
				CLANG_ENABLE_MODULES = YES;
				CLANG_ENABLE_OBJC_ARC = YES;
				CLANG_WARN_BOOL_CONVERSION = YES;
				CLANG_WARN_CONSTANT_CONVERSION = YES;
				CLANG_WARN_DIRECT_OBJC_ISA_USAGE = YES_ERROR;
				CLANG_WARN_EMPTY_BODY = YES;
				CLANG_WARN_ENUM_CONVERSION = YES;
				CLANG_WARN_INT_CONVERSION = YES;
				CLANG_WARN_OBJC_ROOT_CLASS = YES_ERROR;
				CLANG_WARN_UNREACHABLE_CODE = YES;
				CLANG_WARN__DUPLICATE_METHOD_MATCH = YES;
				"CODE_SIGN_IDENTITY[sdk=iphoneos*]" = "iPhone Developer";
				COPY_PHASE_STRIP = NO;
				DEBUG_INFORMATION_FORMAT = "dwarf-with-dsym";
				ENABLE_NS_ASSERTIONS = NO;
				ENABLE_STRICT_OBJC_MSGSEND = YES;
				GCC_C_LANGUAGE_STANDARD = gnu99;
				GCC_NO_COMMON_BLOCKS = YES;
				GCC_WARN_64_TO_32_BIT_CONVERSION = YES;
				GCC_WARN_ABOUT_RETURN_TYPE = YES_ERROR;
				GCC_WARN_UNDECLARED_SELECTOR = YES;
				GCC_WARN_UNINITIALIZED_AUTOS = YES_AGGRESSIVE;
				GCC_WARN_UNUSED_FUNCTION = YES;
				GCC_WARN_UNUSED_VARIABLE = YES;
				IPHONEOS_DEPLOYMENT_TARGET = 8.0;
				MTL_ENABLE_DEBUG_INFO = NO;
				SDKROOT = iphoneos;
				SWIFT_OPTIMIZATION_LEVEL = "-Owholemodule";
				VALIDATE_PRODUCT = YES;
			};
			name = Release;
		};
		37FEFEC91D11D33600C078AC /* Debug */ = {
			isa = XCBuildConfiguration;
			baseConfigurationReference = 26B1EB474AFE555291DA0DD7 /* Pods-Pinly.debug.xcconfig */;
			buildSettings = {
				ASSETCATALOG_COMPILER_APPICON_NAME = AppIcon;
				CODE_SIGN_ENTITLEMENTS = Pinly.entitlements;
				CODE_SIGN_IDENTITY = "iPhone Distribution";
				"CODE_SIGN_IDENTITY[sdk=iphoneos*]" = "iPhone Developer";
				DEVELOPMENT_TEAM = L5KGYLLYBX;
				INFOPLIST_FILE = Group/Info.plist;
				IPHONEOS_DEPLOYMENT_TARGET = 8.0;
				LD_RUNPATH_SEARCH_PATHS = "$(inherited) @executable_path/Frameworks";
				PRODUCT_BUNDLE_IDENTIFIER = com.ping.Pinly;
				PRODUCT_NAME = "$(TARGET_NAME)";
				PROVISIONING_PROFILE = "";
				PROVISIONING_PROFILE_SPECIFIER = "";
				SWIFT_OBJC_BRIDGING_HEADER = "Bridging-Header.h";
				SWIFT_VERSION = 2.3;
				TARGETED_DEVICE_FAMILY = "1,2";
			};
			name = Debug;
		};
		37FEFECA1D11D33600C078AC /* Release */ = {
			isa = XCBuildConfiguration;
			baseConfigurationReference = 419DFE0751051819538693FF /* Pods-Pinly.release.xcconfig */;
			buildSettings = {
				ASSETCATALOG_COMPILER_APPICON_NAME = AppIcon;
				CODE_SIGN_ENTITLEMENTS = Pinly.entitlements;
				CODE_SIGN_IDENTITY = "iPhone Distribution";
				"CODE_SIGN_IDENTITY[sdk=iphoneos*]" = "iPhone Developer";
				DEVELOPMENT_TEAM = L5KGYLLYBX;
				INFOPLIST_FILE = Group/Info.plist;
				IPHONEOS_DEPLOYMENT_TARGET = 8.0;
				LD_RUNPATH_SEARCH_PATHS = "$(inherited) @executable_path/Frameworks";
				PRODUCT_BUNDLE_IDENTIFIER = com.ping.Pinly;
				PRODUCT_NAME = "$(TARGET_NAME)";
				PROVISIONING_PROFILE = "";
				PROVISIONING_PROFILE_SPECIFIER = "";
				SWIFT_OBJC_BRIDGING_HEADER = "Bridging-Header.h";
				SWIFT_VERSION = 2.3;
				TARGETED_DEVICE_FAMILY = "1,2";
			};
			name = Release;
		};
/* End XCBuildConfiguration section */

/* Begin XCConfigurationList section */
		37FEFEB11D11D33600C078AC /* Build configuration list for PBXProject "Pinly" */ = {
			isa = XCConfigurationList;
			buildConfigurations = (
				37FEFEC61D11D33600C078AC /* Debug */,
				37FEFEC71D11D33600C078AC /* Release */,
			);
			defaultConfigurationIsVisible = 0;
			defaultConfigurationName = Release;
		};
		37FEFEC81D11D33600C078AC /* Build configuration list for PBXNativeTarget "Pinly" */ = {
			isa = XCConfigurationList;
			buildConfigurations = (
				37FEFEC91D11D33600C078AC /* Debug */,
				37FEFECA1D11D33600C078AC /* Release */,
			);
			defaultConfigurationIsVisible = 0;
			defaultConfigurationName = Release;
		};
/* End XCConfigurationList section */
	};
	rootObject = 37FEFEAE1D11D33600C078AC /* Project object */;
}
